
Microsoft Visual Studio Solution File, Format Version 12.00
Project("{FAE04EC0-301F-11D3-BF4B-00C04F79EFBC}") = "MinimalSecuredWebApi", "MinimalSecuredWebApi\MinimalSecuredWebApi.csproj", "{9255BA36-6B61-4382-BC0F-339A77B0F5F4}"
EndProject
Project("{FAE04EC0-301F-11D3-BF4B-00C04F79EFBC}") = "WebApiTests", "WebApiTests\WebApiTests.csproj", "{BB6C7900-BD29-4553-9F8A-A5758EA7FF1D}"
EndProject
Global
	GlobalSection(SolutionConfigurationPlatforms) = preSolution
		Debug|Any CPU = Debug|Any CPU
		Release|Any CPU = Release|Any CPU
	EndGlobalSection
	GlobalSection(ProjectConfigurationPlatforms) = postSolution
		{9255BA36-6B61-4382-BC0F-339A77B0F5F4}.Debug|Any CPU.ActiveCfg = Debug|Any CPU
		{9255BA36-6B61-4382-BC0F-339A77B0F5F4}.Debug|Any CPU.Build.0 = Debug|Any CPU
		{9255BA36-6B61-4382-BC0F-339A77B0F5F4}.Release|Any CPU.ActiveCfg = Release|Any CPU
		{9255BA36-6B61-4382-BC0F-339A77B0F5F4}.Release|Any CPU.Build.0 = Release|Any CPU
		{BB6C7900-BD29-4553-9F8A-A5758EA7FF1D}.Debug|Any CPU.ActiveCfg = Debug|Any CPU
		{BB6C7900-BD29-4553-9F8A-A5758EA7FF1D}.Debug|Any CPU.Build.0 = Debug|Any CPU
		{BB6C7900-BD29-4553-9F8A-A5758EA7FF1D}.Release|Any CPU.ActiveCfg = Release|Any CPU
		{BB6C7900-BD29-4553-9F8A-A5758EA7FF1D}.Release|Any CPU.Build.0 = Release|Any CPU
	EndGlobalSection
EndGlobal
